{
  "name": "backend",
  "lockfileVersion": 3,
  "requires": true,
  "packages": {
    "": {
      "dependencies": {
        "procfile": "^0.1.1"
      }
    },
    "node_modules/procfile": {
      "version": "0.1.1",
      "resolved": "https://registry.npmjs.org/procfile/-/procfile-0.1.1.tgz",
      "integrity": "sha512-8VxGqAO1KFMkHYtQaVJgPse+Xz7DiGN1jVMeLGVGVuA5Jhxp3Ve5RO5U7JHS7miqk+eqt2bEkue0zb355HwL9A==",
      "engines": {
        "node": ">= 0.4.0"
      }
    }
  }
}
